
Microsoft Visual Studio Solution File, Format Version 12.00
# Visual Studio Version 17
VisualStudioVersion = 17.3.32804.467
MinimumVisualStudioVersion = 10.0.40219.1
Project("{FAE04EC0-301F-11D3-BF4B-00C04F79EFBC}") = "BridgeDesignPattern", "BridgeDesignPattern.csproj", "{DEFBC1CC-C193-4F7D-BB30-A20B87BA31D9}"
EndProject
Global
	GlobalSection(SolutionConfigurationPlatforms) = preSolution
		Debug|Any CPU = Debug|Any CPU
		Release|Any CPU = Release|Any CPU
	EndGlobalSection
	GlobalSection(ProjectConfigurationPlatforms) = postSolution
		{DEFBC1CC-C193-4F7D-BB30-A20B87BA31D9}.Debug|Any CPU.ActiveCfg = Debug|Any CPU
		{DEFBC1CC-C193-4F7D-BB30-A20B87BA31D9}.Debug|Any CPU.Build.0 = Debug|Any CPU
		{DEFBC1CC-C193-4F7D-BB30-A20B87BA31D9}.Release|Any CPU.ActiveCfg = Release|Any CPU
		{DEFBC1CC-C193-4F7D-BB30-A20B87BA31D9}.Release|Any CPU.Build.0 = Release|Any CPU
	EndGlobalSection
	GlobalSection(SolutionProperties) = preSolution
		HideSolutionNode = FALSE
	EndGlobalSection
	GlobalSection(ExtensibilityGlobals) = postSolution
		SolutionGuid = {D2D65FFC-5F0B-4D14-A278-753348F0EF31}
	EndGlobalSection
EndGlobal
